
Microsoft Visual Studio Solution File, Format Version 12.00
# Visual Studio Version 16
VisualStudioVersion = 16.0.29806.167
MinimumVisualStudioVersion = 10.0.40219.1
Project("{9A19103F-16F7-4668-BE54-9A1E7A4F7556}") = "GeraTecnicalTest_AppExtra", "GeraTecnicalTest_AppExtra\GeraTecnicalTest_AppExtra.csproj", "{11802302-4E8D-4C41-823D-93E4C53AD0DA}"
EndProject
Project("{FAE04EC0-301F-11D3-BF4B-00C04F79EFBC}") = "Infrastructure", "Infrastructure\Infrastructure.csproj", "{5AAA67CB-C94F-4989-9C81-E392D55C7187}"
EndProject
Global
	GlobalSection(SolutionConfigurationPlatforms) = preSolution
		Debug|Any CPU = Debug|Any CPU
		Release|Any CPU = Release|Any CPU
	EndGlobalSection
	GlobalSection(ProjectConfigurationPlatforms) = postSolution
		{11802302-4E8D-4C41-823D-93E4C53AD0DA}.Debug|Any CPU.ActiveCfg = Debug|Any CPU
		{11802302-4E8D-4C41-823D-93E4C53AD0DA}.Debug|Any CPU.Build.0 = Debug|Any CPU
		{11802302-4E8D-4C41-823D-93E4C53AD0DA}.Release|Any CPU.ActiveCfg = Release|Any CPU
		{11802302-4E8D-4C41-823D-93E4C53AD0DA}.Release|Any CPU.Build.0 = Release|Any CPU
		{5AAA67CB-C94F-4989-9C81-E392D55C7187}.Debug|Any CPU.ActiveCfg = Debug|Any CPU
		{5AAA67CB-C94F-4989-9C81-E392D55C7187}.Debug|Any CPU.Build.0 = Debug|Any CPU
		{5AAA67CB-C94F-4989-9C81-E392D55C7187}.Release|Any CPU.ActiveCfg = Release|Any CPU
		{5AAA67CB-C94F-4989-9C81-E392D55C7187}.Release|Any CPU.Build.0 = Release|Any CPU
	EndGlobalSection
	GlobalSection(SolutionProperties) = preSolution
		HideSolutionNode = FALSE
	EndGlobalSection
	GlobalSection(ExtensibilityGlobals) = postSolution
		SolutionGuid = {37AD4425-4B50-47E1-9248-27DB66C75F62}
	EndGlobalSection
EndGlobal
